
Microsoft Visual Studio Solution File, Format Version 12.00
# Visual Studio Version 17
VisualStudioVersion = 17.1.32319.34
MinimumVisualStudioVersion = 10.0.40219.1
Project("{FAE04EC0-301F-11D3-BF4B-00C04F79EFBC}") = "Entities", "Entities\Entities.csproj", "{80FE98F9-2FF3-4638-B56C-65B4A9DA924E}"
EndProject
Project("{FAE04EC0-301F-11D3-BF4B-00C04F79EFBC}") = "Demo", "Demo\Demo.csproj", "{C72A536D-66F6-49AC-A0D4-8B290549D06A}"
EndProject
Global
	GlobalSection(SolutionConfigurationPlatforms) = preSolution
		Debug|Any CPU = Debug|Any CPU
		Release|Any CPU = Release|Any CPU
	EndGlobalSection
	GlobalSection(ProjectConfigurationPlatforms) = postSolution
		{80FE98F9-2FF3-4638-B56C-65B4A9DA924E}.Debug|Any CPU.ActiveCfg = Debug|Any CPU
		{80FE98F9-2FF3-4638-B56C-65B4A9DA924E}.Debug|Any CPU.Build.0 = Debug|Any CPU
		{80FE98F9-2FF3-4638-B56C-65B4A9DA924E}.Release|Any CPU.ActiveCfg = Release|Any CPU
		{80FE98F9-2FF3-4638-B56C-65B4A9DA924E}.Release|Any CPU.Build.0 = Release|Any CPU
		{C72A536D-66F6-49AC-A0D4-8B290549D06A}.Debug|Any CPU.ActiveCfg = Debug|Any CPU
		{C72A536D-66F6-49AC-A0D4-8B290549D06A}.Debug|Any CPU.Build.0 = Debug|Any CPU
		{C72A536D-66F6-49AC-A0D4-8B290549D06A}.Release|Any CPU.ActiveCfg = Release|Any CPU
		{C72A536D-66F6-49AC-A0D4-8B290549D06A}.Release|Any CPU.Build.0 = Release|Any CPU
	EndGlobalSection
	GlobalSection(SolutionProperties) = preSolution
		HideSolutionNode = FALSE
	EndGlobalSection
	GlobalSection(ExtensibilityGlobals) = postSolution
		SolutionGuid = {BCE0D821-61D7-4A1F-9A08-4CDA80445414}
	EndGlobalSection
EndGlobal
