
Microsoft Visual Studio Solution File, Format Version 12.00
# Visual Studio Version 17
VisualStudioVersion = 17.1.32319.34
MinimumVisualStudioVersion = 10.0.40219.1
Project("{FAE04EC0-301F-11D3-BF4B-00C04F79EFBC}") = "HelloWorld WinFormsCs", "HelloWorld WinFormsCs\HelloWorld WinFormsCs.csproj", "{FFDF9396-7BF0-4A2B-A61A-A6FC299BB48F}"
EndProject
Global
	GlobalSection(SolutionConfigurationPlatforms) = preSolution
		Debug|Any CPU = Debug|Any CPU
		Release|Any CPU = Release|Any CPU
	EndGlobalSection
	GlobalSection(ProjectConfigurationPlatforms) = postSolution
		{FFDF9396-7BF0-4A2B-A61A-A6FC299BB48F}.Debug|Any CPU.ActiveCfg = Debug|Any CPU
		{FFDF9396-7BF0-4A2B-A61A-A6FC299BB48F}.Debug|Any CPU.Build.0 = Debug|Any CPU
		{FFDF9396-7BF0-4A2B-A61A-A6FC299BB48F}.Release|Any CPU.ActiveCfg = Release|Any CPU
		{FFDF9396-7BF0-4A2B-A61A-A6FC299BB48F}.Release|Any CPU.Build.0 = Release|Any CPU
	EndGlobalSection
	GlobalSection(SolutionProperties) = preSolution
		HideSolutionNode = FALSE
	EndGlobalSection
	GlobalSection(ExtensibilityGlobals) = postSolution
		SolutionGuid = {C2BBF413-4F94-456B-81A6-32EB3C03F904}
	EndGlobalSection
EndGlobal
