
Microsoft Visual Studio Solution File, Format Version 12.00
# Visual Studio Version 17
VisualStudioVersion = 17.1.32319.34
MinimumVisualStudioVersion = 10.0.40219.1
Project("{FAE04EC0-301F-11D3-BF4B-00C04F79EFBC}") = "CRUDWINFORMS", "CRUDWINFORMS\CRUDWINFORMS.csproj", "{B8F3C2F7-178B-4A6B-B57E-87B3411C4064}"
EndProject
Global
	GlobalSection(SolutionConfigurationPlatforms) = preSolution
		Debug|Any CPU = Debug|Any CPU
		Release|Any CPU = Release|Any CPU
	EndGlobalSection
	GlobalSection(ProjectConfigurationPlatforms) = postSolution
		{B8F3C2F7-178B-4A6B-B57E-87B3411C4064}.Debug|Any CPU.ActiveCfg = Debug|Any CPU
		{B8F3C2F7-178B-4A6B-B57E-87B3411C4064}.Debug|Any CPU.Build.0 = Debug|Any CPU
		{B8F3C2F7-178B-4A6B-B57E-87B3411C4064}.Release|Any CPU.ActiveCfg = Release|Any CPU
		{B8F3C2F7-178B-4A6B-B57E-87B3411C4064}.Release|Any CPU.Build.0 = Release|Any CPU
	EndGlobalSection
	GlobalSection(SolutionProperties) = preSolution
		HideSolutionNode = FALSE
	EndGlobalSection
	GlobalSection(ExtensibilityGlobals) = postSolution
		SolutionGuid = {362E81ED-E379-4E49-B0E2-F9C31686D8CF}
	EndGlobalSection
EndGlobal
