
Microsoft Visual Studio Solution File, Format Version 12.00
# Visual Studio Version 17
VisualStudioVersion = 17.1.32319.34
MinimumVisualStudioVersion = 10.0.40219.1
Project("{9A19103F-16F7-4668-BE54-9A1E7A4F7556}") = "Ejercicio 1", "Ejercicio 1\Ejercicio 1.csproj", "{DF89A6DF-9FBF-4C7F-BABF-123348B1BF17}"
EndProject
Project("{9A19103F-16F7-4668-BE54-9A1E7A4F7556}") = "Ejercicio 2", "Ejercicio 2\Ejercicio 2.csproj", "{5312BE78-44C9-4FE8-9B87-40CDA0E64DD8}"
EndProject
Project("{9A19103F-16F7-4668-BE54-9A1E7A4F7556}") = "Ejercicio 3", "Ejercicio 3\Ejercicio 3.csproj", "{362983AF-4CD1-41A6-9E3A-690A21A4AB27}"
EndProject
Project("{9A19103F-16F7-4668-BE54-9A1E7A4F7556}") = "Ejercicio 4", "Ejercicio 4\Ejercicio 4.csproj", "{35792466-790E-48FF-9E48-C4665CC5B455}"
EndProject
Project("{9A19103F-16F7-4668-BE54-9A1E7A4F7556}") = "Ejercicio 5", "Ejercicio 5\Ejercicio 5.csproj", "{71175AAF-E708-4525-A56D-5D139F19C91D}"
EndProject
Project("{9A19103F-16F7-4668-BE54-9A1E7A4F7556}") = "Ejercicio 6", "Ejercicio 6\Ejercicio 6.csproj", "{095B29C6-B6A6-4296-92E7-A182539CD6A9}"
EndProject
Project("{9A19103F-16F7-4668-BE54-9A1E7A4F7556}") = "Ejercicio 7", "Ejercicio 7\Ejercicio 7.csproj", "{9C30048F-260B-4E55-9FEA-2FF63C76A78B}"
EndProject
Project("{9A19103F-16F7-4668-BE54-9A1E7A4F7556}") = "Ejercicio 8", "Ejercicio 8\Ejercicio 8.csproj", "{09F3E6D0-1006-425A-A93E-610880F581C6}"
EndProject
Project("{9A19103F-16F7-4668-BE54-9A1E7A4F7556}") = "Ejercicio 9", "Ejercicio 9\Ejercicio 9.csproj", "{AF2A6E50-C980-420D-8C51-253413718753}"
EndProject
Project("{9A19103F-16F7-4668-BE54-9A1E7A4F7556}") = "Ejercicio 10", "Ejercicio 10\Ejercicio 10.csproj", "{4A4E5F3B-3267-4A29-9DCB-076730EBC3F1}"
EndProject
Project("{9A19103F-16F7-4668-BE54-9A1E7A4F7556}") = "Ejercicio 11", "Ejercicio 11\Ejercicio 11.csproj", "{C83FF322-D8CE-4607-AFC5-008B4BD52C8F}"
EndProject
Project("{9A19103F-16F7-4668-BE54-9A1E7A4F7556}") = "Ejercicio 12", "Ejercicio 12\Ejercicio 12.csproj", "{A91F6070-5871-487C-B78D-1DD568C68F5A}"
EndProject
Project("{9A19103F-16F7-4668-BE54-9A1E7A4F7556}") = "Ejercicio 13", "Ejercicio 13\Ejercicio 13.csproj", "{ACCBFCB5-95C8-4EEB-9D3D-0D0F5A169E23}"
EndProject
Project("{9A19103F-16F7-4668-BE54-9A1E7A4F7556}") = "Ejercicio 14", "Ejercicio 14\Ejercicio 14.csproj", "{9361128F-8998-4DDA-BAF4-50D059BFAE31}"
EndProject
Project("{9A19103F-16F7-4668-BE54-9A1E7A4F7556}") = "Ejercicio 15", "Ejercicio 15\Ejercicio 15.csproj", "{F950E12E-26D0-418F-BECD-B322FF2B0379}"
EndProject
Project("{9A19103F-16F7-4668-BE54-9A1E7A4F7556}") = "Ejercicio 16", "Ejercicio 16\Ejercicio 16.csproj", "{B600DA20-18DA-4F17-BCF7-B621646ED15B}"
EndProject
Project("{9A19103F-16F7-4668-BE54-9A1E7A4F7556}") = "Ejercicio 17", "Ejercicio 17\Ejercicio 17.csproj", "{47C049BD-CC2E-4FBA-A576-D6AD3D7B8788}"
EndProject
Project("{9A19103F-16F7-4668-BE54-9A1E7A4F7556}") = "Ejercicio 18", "Ejercicio 18\Ejercicio 18.csproj", "{A2C927F8-D56C-47E5-94C6-3BCD360B67A9}"
EndProject
Project("{9A19103F-16F7-4668-BE54-9A1E7A4F7556}") = "Ejercicio 19", "Ejercicio 19\Ejercicio 19.csproj", "{4BF7B3E7-E2A8-4C15-963A-C558FADBAC8D}"
EndProject
Project("{9A19103F-16F7-4668-BE54-9A1E7A4F7556}") = "Ejercicio 20", "Ejercicio 20\Ejercicio 20.csproj", "{C5A6B550-F413-4C86-82AB-EE18058B62E2}"
EndProject
Project("{9A19103F-16F7-4668-BE54-9A1E7A4F7556}") = "Ejercicio 21", "Ejercicio 21\Ejercicio 21.csproj", "{DB19D406-1154-422F-8D3E-20856C5C90C0}"
EndProject
Project("{9A19103F-16F7-4668-BE54-9A1E7A4F7556}") = "Ejercicio 22", "Ejercicio 22\Ejercicio 22.csproj", "{BDA80892-FDD9-4B50-BFA3-08F94FC08288}"
EndProject
Project("{9A19103F-16F7-4668-BE54-9A1E7A4F7556}") = "Ejercicio 23", "Ejercicio 23\Ejercicio 23.csproj", "{E7F2A5B9-2C60-498C-B75B-0FD4F40E682E}"
EndProject
Project("{9A19103F-16F7-4668-BE54-9A1E7A4F7556}") = "Ejercicio 24", "Ejercicio 24\Ejercicio 24.csproj", "{D7F0023D-C1D7-423E-954B-01D43B948D38}"
EndProject
Project("{9A19103F-16F7-4668-BE54-9A1E7A4F7556}") = "Ejercicio 25", "Ejercicio 25\Ejercicio 25.csproj", "{A78C5ADC-5E3D-48C8-98B3-0F54FB3A1A83}"
EndProject
Project("{9A19103F-16F7-4668-BE54-9A1E7A4F7556}") = "Ejercicio 26", "Ejercicio 26\Ejercicio 26.csproj", "{113B32BA-B8FC-4100-ACBC-78BDE3009578}"
EndProject
Project("{9A19103F-16F7-4668-BE54-9A1E7A4F7556}") = "Ejercicio 27", "Ejercicio 27\Ejercicio 27.csproj", "{4BD29F5F-E11B-495F-B630-36C40C6988C1}"
EndProject
Project("{FAE04EC0-301F-11D3-BF4B-00C04F79EFBC}") = "Ejercicio 28", "Ejercicio 28\Ejercicio 28.csproj", "{0E625398-61D3-4B19-BB6B-E326B716D9F0}"
EndProject
Project("{FAE04EC0-301F-11D3-BF4B-00C04F79EFBC}") = "Ejercicio 29", "Ejercicio 29\Ejercicio 29.csproj", "{2070AE8A-969D-4A39-8694-0BAB0D4BCE43}"
EndProject
Project("{FAE04EC0-301F-11D3-BF4B-00C04F79EFBC}") = "Ejercicio 30", "Ejercicio 30\Ejercicio 30.csproj", "{40354B03-61B9-4210-8E07-D6FF4CD9EE1C}"
EndProject
Global
	GlobalSection(SolutionConfigurationPlatforms) = preSolution
		Debug|Any CPU = Debug|Any CPU
		Release|Any CPU = Release|Any CPU
	EndGlobalSection
	GlobalSection(ProjectConfigurationPlatforms) = postSolution
		{DF89A6DF-9FBF-4C7F-BABF-123348B1BF17}.Debug|Any CPU.ActiveCfg = Debug|Any CPU
		{DF89A6DF-9FBF-4C7F-BABF-123348B1BF17}.Debug|Any CPU.Build.0 = Debug|Any CPU
		{DF89A6DF-9FBF-4C7F-BABF-123348B1BF17}.Release|Any CPU.ActiveCfg = Release|Any CPU
		{DF89A6DF-9FBF-4C7F-BABF-123348B1BF17}.Release|Any CPU.Build.0 = Release|Any CPU
		{5312BE78-44C9-4FE8-9B87-40CDA0E64DD8}.Debug|Any CPU.ActiveCfg = Debug|Any CPU
		{5312BE78-44C9-4FE8-9B87-40CDA0E64DD8}.Debug|Any CPU.Build.0 = Debug|Any CPU
		{5312BE78-44C9-4FE8-9B87-40CDA0E64DD8}.Release|Any CPU.ActiveCfg = Release|Any CPU
		{5312BE78-44C9-4FE8-9B87-40CDA0E64DD8}.Release|Any CPU.Build.0 = Release|Any CPU
		{362983AF-4CD1-41A6-9E3A-690A21A4AB27}.Debug|Any CPU.ActiveCfg = Debug|Any CPU
		{362983AF-4CD1-41A6-9E3A-690A21A4AB27}.Debug|Any CPU.Build.0 = Debug|Any CPU
		{362983AF-4CD1-41A6-9E3A-690A21A4AB27}.Release|Any CPU.ActiveCfg = Release|Any CPU
		{362983AF-4CD1-41A6-9E3A-690A21A4AB27}.Release|Any CPU.Build.0 = Release|Any CPU
		{35792466-790E-48FF-9E48-C4665CC5B455}.Debug|Any CPU.ActiveCfg = Debug|Any CPU
		{35792466-790E-48FF-9E48-C4665CC5B455}.Debug|Any CPU.Build.0 = Debug|Any CPU
		{35792466-790E-48FF-9E48-C4665CC5B455}.Release|Any CPU.ActiveCfg = Release|Any CPU
		{35792466-790E-48FF-9E48-C4665CC5B455}.Release|Any CPU.Build.0 = Release|Any CPU
		{71175AAF-E708-4525-A56D-5D139F19C91D}.Debug|Any CPU.ActiveCfg = Debug|Any CPU
		{71175AAF-E708-4525-A56D-5D139F19C91D}.Debug|Any CPU.Build.0 = Debug|Any CPU
		{71175AAF-E708-4525-A56D-5D139F19C91D}.Release|Any CPU.ActiveCfg = Release|Any CPU
		{71175AAF-E708-4525-A56D-5D139F19C91D}.Release|Any CPU.Build.0 = Release|Any CPU
		{095B29C6-B6A6-4296-92E7-A182539CD6A9}.Debug|Any CPU.ActiveCfg = Debug|Any CPU
		{095B29C6-B6A6-4296-92E7-A182539CD6A9}.Debug|Any CPU.Build.0 = Debug|Any CPU
		{095B29C6-B6A6-4296-92E7-A182539CD6A9}.Release|Any CPU.ActiveCfg = Release|Any CPU
		{095B29C6-B6A6-4296-92E7-A182539CD6A9}.Release|Any CPU.Build.0 = Release|Any CPU
		{9C30048F-260B-4E55-9FEA-2FF63C76A78B}.Debug|Any CPU.ActiveCfg = Debug|Any CPU
		{9C30048F-260B-4E55-9FEA-2FF63C76A78B}.Debug|Any CPU.Build.0 = Debug|Any CPU
		{9C30048F-260B-4E55-9FEA-2FF63C76A78B}.Release|Any CPU.ActiveCfg = Release|Any CPU
		{9C30048F-260B-4E55-9FEA-2FF63C76A78B}.Release|Any CPU.Build.0 = Release|Any CPU
		{09F3E6D0-1006-425A-A93E-610880F581C6}.Debug|Any CPU.ActiveCfg = Debug|Any CPU
		{09F3E6D0-1006-425A-A93E-610880F581C6}.Debug|Any CPU.Build.0 = Debug|Any CPU
		{09F3E6D0-1006-425A-A93E-610880F581C6}.Release|Any CPU.ActiveCfg = Release|Any CPU
		{09F3E6D0-1006-425A-A93E-610880F581C6}.Release|Any CPU.Build.0 = Release|Any CPU
		{AF2A6E50-C980-420D-8C51-253413718753}.Debug|Any CPU.ActiveCfg = Debug|Any CPU
		{AF2A6E50-C980-420D-8C51-253413718753}.Debug|Any CPU.Build.0 = Debug|Any CPU
		{AF2A6E50-C980-420D-8C51-253413718753}.Release|Any CPU.ActiveCfg = Release|Any CPU
		{AF2A6E50-C980-420D-8C51-253413718753}.Release|Any CPU.Build.0 = Release|Any CPU
		{4A4E5F3B-3267-4A29-9DCB-076730EBC3F1}.Debug|Any CPU.ActiveCfg = Debug|Any CPU
		{4A4E5F3B-3267-4A29-9DCB-076730EBC3F1}.Debug|Any CPU.Build.0 = Debug|Any CPU
		{4A4E5F3B-3267-4A29-9DCB-076730EBC3F1}.Release|Any CPU.ActiveCfg = Release|Any CPU
		{4A4E5F3B-3267-4A29-9DCB-076730EBC3F1}.Release|Any CPU.Build.0 = Release|Any CPU
		{C83FF322-D8CE-4607-AFC5-008B4BD52C8F}.Debug|Any CPU.ActiveCfg = Debug|Any CPU
		{C83FF322-D8CE-4607-AFC5-008B4BD52C8F}.Debug|Any CPU.Build.0 = Debug|Any CPU
		{C83FF322-D8CE-4607-AFC5-008B4BD52C8F}.Release|Any CPU.ActiveCfg = Release|Any CPU
		{C83FF322-D8CE-4607-AFC5-008B4BD52C8F}.Release|Any CPU.Build.0 = Release|Any CPU
		{A91F6070-5871-487C-B78D-1DD568C68F5A}.Debug|Any CPU.ActiveCfg = Debug|Any CPU
		{A91F6070-5871-487C-B78D-1DD568C68F5A}.Debug|Any CPU.Build.0 = Debug|Any CPU
		{A91F6070-5871-487C-B78D-1DD568C68F5A}.Release|Any CPU.ActiveCfg = Release|Any CPU
		{A91F6070-5871-487C-B78D-1DD568C68F5A}.Release|Any CPU.Build.0 = Release|Any CPU
		{ACCBFCB5-95C8-4EEB-9D3D-0D0F5A169E23}.Debug|Any CPU.ActiveCfg = Debug|Any CPU
		{ACCBFCB5-95C8-4EEB-9D3D-0D0F5A169E23}.Debug|Any CPU.Build.0 = Debug|Any CPU
		{ACCBFCB5-95C8-4EEB-9D3D-0D0F5A169E23}.Release|Any CPU.ActiveCfg = Release|Any CPU
		{ACCBFCB5-95C8-4EEB-9D3D-0D0F5A169E23}.Release|Any CPU.Build.0 = Release|Any CPU
		{9361128F-8998-4DDA-BAF4-50D059BFAE31}.Debug|Any CPU.ActiveCfg = Debug|Any CPU
		{9361128F-8998-4DDA-BAF4-50D059BFAE31}.Debug|Any CPU.Build.0 = Debug|Any CPU
		{9361128F-8998-4DDA-BAF4-50D059BFAE31}.Release|Any CPU.ActiveCfg = Release|Any CPU
		{9361128F-8998-4DDA-BAF4-50D059BFAE31}.Release|Any CPU.Build.0 = Release|Any CPU
		{F950E12E-26D0-418F-BECD-B322FF2B0379}.Debug|Any CPU.ActiveCfg = Debug|Any CPU
		{F950E12E-26D0-418F-BECD-B322FF2B0379}.Debug|Any CPU.Build.0 = Debug|Any CPU
		{F950E12E-26D0-418F-BECD-B322FF2B0379}.Release|Any CPU.ActiveCfg = Release|Any CPU
		{F950E12E-26D0-418F-BECD-B322FF2B0379}.Release|Any CPU.Build.0 = Release|Any CPU
		{B600DA20-18DA-4F17-BCF7-B621646ED15B}.Debug|Any CPU.ActiveCfg = Debug|Any CPU
		{B600DA20-18DA-4F17-BCF7-B621646ED15B}.Debug|Any CPU.Build.0 = Debug|Any CPU
		{B600DA20-18DA-4F17-BCF7-B621646ED15B}.Release|Any CPU.ActiveCfg = Release|Any CPU
		{B600DA20-18DA-4F17-BCF7-B621646ED15B}.Release|Any CPU.Build.0 = Release|Any CPU
		{47C049BD-CC2E-4FBA-A576-D6AD3D7B8788}.Debug|Any CPU.ActiveCfg = Debug|Any CPU
		{47C049BD-CC2E-4FBA-A576-D6AD3D7B8788}.Debug|Any CPU.Build.0 = Debug|Any CPU
		{47C049BD-CC2E-4FBA-A576-D6AD3D7B8788}.Release|Any CPU.ActiveCfg = Release|Any CPU
		{47C049BD-CC2E-4FBA-A576-D6AD3D7B8788}.Release|Any CPU.Build.0 = Release|Any CPU
		{A2C927F8-D56C-47E5-94C6-3BCD360B67A9}.Debug|Any CPU.ActiveCfg = Debug|Any CPU
		{A2C927F8-D56C-47E5-94C6-3BCD360B67A9}.Debug|Any CPU.Build.0 = Debug|Any CPU
		{A2C927F8-D56C-47E5-94C6-3BCD360B67A9}.Release|Any CPU.ActiveCfg = Release|Any CPU
		{A2C927F8-D56C-47E5-94C6-3BCD360B67A9}.Release|Any CPU.Build.0 = Release|Any CPU
		{4BF7B3E7-E2A8-4C15-963A-C558FADBAC8D}.Debug|Any CPU.ActiveCfg = Debug|Any CPU
		{4BF7B3E7-E2A8-4C15-963A-C558FADBAC8D}.Debug|Any CPU.Build.0 = Debug|Any CPU
		{4BF7B3E7-E2A8-4C15-963A-C558FADBAC8D}.Release|Any CPU.ActiveCfg = Release|Any CPU
		{4BF7B3E7-E2A8-4C15-963A-C558FADBAC8D}.Release|Any CPU.Build.0 = Release|Any CPU
		{C5A6B550-F413-4C86-82AB-EE18058B62E2}.Debug|Any CPU.ActiveCfg = Debug|Any CPU
		{C5A6B550-F413-4C86-82AB-EE18058B62E2}.Debug|Any CPU.Build.0 = Debug|Any CPU
		{C5A6B550-F413-4C86-82AB-EE18058B62E2}.Release|Any CPU.ActiveCfg = Release|Any CPU
		{C5A6B550-F413-4C86-82AB-EE18058B62E2}.Release|Any CPU.Build.0 = Release|Any CPU
		{DB19D406-1154-422F-8D3E-20856C5C90C0}.Debug|Any CPU.ActiveCfg = Debug|Any CPU
		{DB19D406-1154-422F-8D3E-20856C5C90C0}.Debug|Any CPU.Build.0 = Debug|Any CPU
		{DB19D406-1154-422F-8D3E-20856C5C90C0}.Release|Any CPU.ActiveCfg = Release|Any CPU
		{DB19D406-1154-422F-8D3E-20856C5C90C0}.Release|Any CPU.Build.0 = Release|Any CPU
		{BDA80892-FDD9-4B50-BFA3-08F94FC08288}.Debug|Any CPU.ActiveCfg = Debug|Any CPU
		{BDA80892-FDD9-4B50-BFA3-08F94FC08288}.Debug|Any CPU.Build.0 = Debug|Any CPU
		{BDA80892-FDD9-4B50-BFA3-08F94FC08288}.Release|Any CPU.ActiveCfg = Release|Any CPU
		{BDA80892-FDD9-4B50-BFA3-08F94FC08288}.Release|Any CPU.Build.0 = Release|Any CPU
		{E7F2A5B9-2C60-498C-B75B-0FD4F40E682E}.Debug|Any CPU.ActiveCfg = Debug|Any CPU
		{E7F2A5B9-2C60-498C-B75B-0FD4F40E682E}.Debug|Any CPU.Build.0 = Debug|Any CPU
		{E7F2A5B9-2C60-498C-B75B-0FD4F40E682E}.Release|Any CPU.ActiveCfg = Release|Any CPU
		{E7F2A5B9-2C60-498C-B75B-0FD4F40E682E}.Release|Any CPU.Build.0 = Release|Any CPU
		{D7F0023D-C1D7-423E-954B-01D43B948D38}.Debug|Any CPU.ActiveCfg = Debug|Any CPU
		{D7F0023D-C1D7-423E-954B-01D43B948D38}.Debug|Any CPU.Build.0 = Debug|Any CPU
		{D7F0023D-C1D7-423E-954B-01D43B948D38}.Release|Any CPU.ActiveCfg = Release|Any CPU
		{D7F0023D-C1D7-423E-954B-01D43B948D38}.Release|Any CPU.Build.0 = Release|Any CPU
		{A78C5ADC-5E3D-48C8-98B3-0F54FB3A1A83}.Debug|Any CPU.ActiveCfg = Debug|Any CPU
		{A78C5ADC-5E3D-48C8-98B3-0F54FB3A1A83}.Debug|Any CPU.Build.0 = Debug|Any CPU
		{A78C5ADC-5E3D-48C8-98B3-0F54FB3A1A83}.Release|Any CPU.ActiveCfg = Release|Any CPU
		{A78C5ADC-5E3D-48C8-98B3-0F54FB3A1A83}.Release|Any CPU.Build.0 = Release|Any CPU
		{113B32BA-B8FC-4100-ACBC-78BDE3009578}.Debug|Any CPU.ActiveCfg = Debug|Any CPU
		{113B32BA-B8FC-4100-ACBC-78BDE3009578}.Debug|Any CPU.Build.0 = Debug|Any CPU
		{113B32BA-B8FC-4100-ACBC-78BDE3009578}.Release|Any CPU.ActiveCfg = Release|Any CPU
		{113B32BA-B8FC-4100-ACBC-78BDE3009578}.Release|Any CPU.Build.0 = Release|Any CPU
		{4BD29F5F-E11B-495F-B630-36C40C6988C1}.Debug|Any CPU.ActiveCfg = Debug|Any CPU
		{4BD29F5F-E11B-495F-B630-36C40C6988C1}.Debug|Any CPU.Build.0 = Debug|Any CPU
		{4BD29F5F-E11B-495F-B630-36C40C6988C1}.Release|Any CPU.ActiveCfg = Release|Any CPU
		{4BD29F5F-E11B-495F-B630-36C40C6988C1}.Release|Any CPU.Build.0 = Release|Any CPU
		{0E625398-61D3-4B19-BB6B-E326B716D9F0}.Debug|Any CPU.ActiveCfg = Debug|Any CPU
		{0E625398-61D3-4B19-BB6B-E326B716D9F0}.Debug|Any CPU.Build.0 = Debug|Any CPU
		{0E625398-61D3-4B19-BB6B-E326B716D9F0}.Release|Any CPU.ActiveCfg = Release|Any CPU
		{0E625398-61D3-4B19-BB6B-E326B716D9F0}.Release|Any CPU.Build.0 = Release|Any CPU
		{2070AE8A-969D-4A39-8694-0BAB0D4BCE43}.Debug|Any CPU.ActiveCfg = Debug|Any CPU
		{2070AE8A-969D-4A39-8694-0BAB0D4BCE43}.Debug|Any CPU.Build.0 = Debug|Any CPU
		{2070AE8A-969D-4A39-8694-0BAB0D4BCE43}.Release|Any CPU.ActiveCfg = Release|Any CPU
		{2070AE8A-969D-4A39-8694-0BAB0D4BCE43}.Release|Any CPU.Build.0 = Release|Any CPU
		{40354B03-61B9-4210-8E07-D6FF4CD9EE1C}.Debug|Any CPU.ActiveCfg = Debug|Any CPU
		{40354B03-61B9-4210-8E07-D6FF4CD9EE1C}.Debug|Any CPU.Build.0 = Debug|Any CPU
		{40354B03-61B9-4210-8E07-D6FF4CD9EE1C}.Release|Any CPU.ActiveCfg = Release|Any CPU
		{40354B03-61B9-4210-8E07-D6FF4CD9EE1C}.Release|Any CPU.Build.0 = Release|Any CPU
	EndGlobalSection
	GlobalSection(SolutionProperties) = preSolution
		HideSolutionNode = FALSE
	EndGlobalSection
	GlobalSection(ExtensibilityGlobals) = postSolution
		SolutionGuid = {040A335C-B168-4489-A702-3823628EB0B1}
	EndGlobalSection
EndGlobal
