
Microsoft Visual Studio Solution File, Format Version 12.00
# Visual Studio Version 17
VisualStudioVersion = 17.1.32319.34
MinimumVisualStudioVersion = 10.0.40219.1
Project("{FAE04EC0-301F-11D3-BF4B-00C04F79EFBC}") = "Entities", "Entities\Entities.csproj", "{787E646B-7DF4-4F41-8066-77FC9D626D8D}"
EndProject
Project("{FAE04EC0-301F-11D3-BF4B-00C04F79EFBC}") = "Demo", "Demo\Demo.csproj", "{FD1D550F-FD14-4EE4-A84B-0A0A8D5FC36F}"
EndProject
Global
	GlobalSection(SolutionConfigurationPlatforms) = preSolution
		Debug|Any CPU = Debug|Any CPU
		Release|Any CPU = Release|Any CPU
	EndGlobalSection
	GlobalSection(ProjectConfigurationPlatforms) = postSolution
		{787E646B-7DF4-4F41-8066-77FC9D626D8D}.Debug|Any CPU.ActiveCfg = Debug|Any CPU
		{787E646B-7DF4-4F41-8066-77FC9D626D8D}.Debug|Any CPU.Build.0 = Debug|Any CPU
		{787E646B-7DF4-4F41-8066-77FC9D626D8D}.Release|Any CPU.ActiveCfg = Release|Any CPU
		{787E646B-7DF4-4F41-8066-77FC9D626D8D}.Release|Any CPU.Build.0 = Release|Any CPU
		{FD1D550F-FD14-4EE4-A84B-0A0A8D5FC36F}.Debug|Any CPU.ActiveCfg = Debug|Any CPU
		{FD1D550F-FD14-4EE4-A84B-0A0A8D5FC36F}.Debug|Any CPU.Build.0 = Debug|Any CPU
		{FD1D550F-FD14-4EE4-A84B-0A0A8D5FC36F}.Release|Any CPU.ActiveCfg = Release|Any CPU
		{FD1D550F-FD14-4EE4-A84B-0A0A8D5FC36F}.Release|Any CPU.Build.0 = Release|Any CPU
	EndGlobalSection
	GlobalSection(SolutionProperties) = preSolution
		HideSolutionNode = FALSE
	EndGlobalSection
	GlobalSection(ExtensibilityGlobals) = postSolution
		SolutionGuid = {8D59CAEB-ECB8-4257-BFB6-E09C0A8033FD}
	EndGlobalSection
EndGlobal
